
Microsoft Visual Studio Solution File, Format Version 12.00
# Visual Studio Version 16
VisualStudioVersion = 16.6.30114.105
MinimumVisualStudioVersion = 10.0.40219.1
Project("{9A19103F-16F7-4668-BE54-9A1E7A4F7556}") = "Pokedex", "Pokedex\Pokedex.csproj", "{2C5CF85A-5024-4434-A68B-9D5D641017EA}"
EndProject
Global
	GlobalSection(SolutionConfigurationPlatforms) = preSolution
		Debug|Any CPU = Debug|Any CPU
		Debug|x64 = Debug|x64
		Debug|x86 = Debug|x86
		Release|Any CPU = Release|Any CPU
		Release|x64 = Release|x64
		Release|x86 = Release|x86
	EndGlobalSection
	GlobalSection(ProjectConfigurationPlatforms) = postSolution
		{2C5CF85A-5024-4434-A68B-9D5D641017EA}.Debug|Any CPU.ActiveCfg = Debug|Any CPU
		{2C5CF85A-5024-4434-A68B-9D5D641017EA}.Debug|Any CPU.Build.0 = Debug|Any CPU
		{2C5CF85A-5024-4434-A68B-9D5D641017EA}.Debug|x64.ActiveCfg = Debug|Any CPU
		{2C5CF85A-5024-4434-A68B-9D5D641017EA}.Debug|x64.Build.0 = Debug|Any CPU
		{2C5CF85A-5024-4434-A68B-9D5D641017EA}.Debug|x86.ActiveCfg = Debug|Any CPU
		{2C5CF85A-5024-4434-A68B-9D5D641017EA}.Debug|x86.Build.0 = Debug|Any CPU
		{2C5CF85A-5024-4434-A68B-9D5D641017EA}.Release|Any CPU.ActiveCfg = Release|Any CPU
		{2C5CF85A-5024-4434-A68B-9D5D641017EA}.Release|Any CPU.Build.0 = Release|Any CPU
		{2C5CF85A-5024-4434-A68B-9D5D641017EA}.Release|x64.ActiveCfg = Release|Any CPU
		{2C5CF85A-5024-4434-A68B-9D5D641017EA}.Release|x64.Build.0 = Release|Any CPU
		{2C5CF85A-5024-4434-A68B-9D5D641017EA}.Release|x86.ActiveCfg = Release|Any CPU
		{2C5CF85A-5024-4434-A68B-9D5D641017EA}.Release|x86.Build.0 = Release|Any CPU
	EndGlobalSection
	GlobalSection(SolutionProperties) = preSolution
		HideSolutionNode = FALSE
	EndGlobalSection
	GlobalSection(ExtensibilityGlobals) = postSolution
		SolutionGuid = {3F5456A2-46D2-4207-B542-4030F12CE06F}
	EndGlobalSection
EndGlobal
